// !$*UTF8*$!
{
	archiveVersion = 1;
	classes = {
	};
	objectVersion = 77;
	objects = {

/* Begin PBXBuildFile section */
		15EDE60C2CDC9A79007A52F8 /* FirebaseAnalytics in Frameworks */ = {isa = PBXBuildFile; productRef = 15EDE60B2CDC9A79007A52F8 /* FirebaseAnalytics */; };
		15EDE60E2CDC9A79007A52F8 /* FirebaseAnalyticsOnDeviceConversion in Frameworks */ = {isa = PBXBuildFile; productRef = 15EDE60D2CDC9A79007A52F8 /* FirebaseAnalyticsOnDeviceConversion */; };
		15EDE6102CDC9A79007A52F8 /* FirebaseAnalyticsWithoutAdIdSupport in Frameworks */ = {isa = PBXBuildFile; productRef = 15EDE60F2CDC9A79007A52F8 /* FirebaseAnalyticsWithoutAdIdSupport */; };
		15EDE6122CDC9A79007A52F8 /* FirebaseAppCheck in Frameworks */ = {isa = PBXBuildFile; productRef = 15EDE6112CDC9A79007A52F8 /* FirebaseAppCheck */; };
		15EDE6142CDC9A79007A52F8 /* FirebaseAppDistribution-Beta in Frameworks */ = {isa = PBXBuildFile; productRef = 15EDE6132CDC9A79007A52F8 /* FirebaseAppDistribution-Beta */; };
		15EDE6162CDC9A79007A52F8 /* FirebaseAuth in Frameworks */ = {isa = PBXBuildFile; productRef = 15EDE6152CDC9A79007A52F8 /* FirebaseAuth */; };
		15EDE6182CDC9A79007A52F8 /* FirebaseAuthCombine-Community in Frameworks */ = {isa = PBXBuildFile; productRef = 15EDE6172CDC9A79007A52F8 /* FirebaseAuthCombine-Community */; };
		15EDE61A2CDC9A79007A52F8 /* FirebaseCore in Frameworks */ = {isa = PBXBuildFile; productRef = 15EDE6192CDC9A79007A52F8 /* FirebaseCore */; };
		15EDE61C2CDC9A79007A52F8 /* FirebaseCrashlytics in Frameworks */ = {isa = PBXBuildFile; productRef = 15EDE61B2CDC9A79007A52F8 /* FirebaseCrashlytics */; };
		15EDE61E2CDC9A79007A52F8 /* FirebaseDatabase in Frameworks */ = {isa = PBXBuildFile; productRef = 15EDE61D2CDC9A79007A52F8 /* FirebaseDatabase */; };
		15EDE6202CDC9A79007A52F8 /* FirebaseFirestore in Frameworks */ = {isa = PBXBuildFile; productRef = 15EDE61F2CDC9A79007A52F8 /* FirebaseFirestore */; };
		15EDE6222CDC9A79007A52F8 /* FirebaseFirestoreCombine-Community in Frameworks */ = {isa = PBXBuildFile; productRef = 15EDE6212CDC9A79007A52F8 /* FirebaseFirestoreCombine-Community */; };
		15EDE6242CDC9A79007A52F8 /* FirebaseFunctions in Frameworks */ = {isa = PBXBuildFile; productRef = 15EDE6232CDC9A79007A52F8 /* FirebaseFunctions */; };
		15EDE6262CDC9A79007A52F8 /* FirebaseInAppMessaging-Beta in Frameworks */ = {isa = PBXBuildFile; productRef = 15EDE6252CDC9A79007A52F8 /* FirebaseInAppMessaging-Beta */; };
		15EDE6282CDC9A79007A52F8 /* FirebaseMessaging in Frameworks */ = {isa = PBXBuildFile; productRef = 15EDE6272CDC9A79007A52F8 /* FirebaseMessaging */; };
		15EDE62A2CDC9A79007A52F8 /* FirebaseRemoteConfig in Frameworks */ = {isa = PBXBuildFile; productRef = 15EDE6292CDC9A79007A52F8 /* FirebaseRemoteConfig */; };
		15EDE62C2CDC9A79007A52F8 /* FirebaseStorage in Frameworks */ = {isa = PBXBuildFile; productRef = 15EDE62B2CDC9A79007A52F8 /* FirebaseStorage */; };
		15EDE62E2CDC9A79007A52F8 /* FirebaseStorageCombine-Community in Frameworks */ = {isa = PBXBuildFile; productRef = 15EDE62D2CDC9A79007A52F8 /* FirebaseStorageCombine-Community */; };
/* End PBXBuildFile section */

/* Begin PBXContainerItemProxy section */
		1596FD812CC0E4CB009922E9 /* PBXContainerItemProxy */ = {
			isa = PBXContainerItemProxy;
			containerPortal = 1596FD682CC0E4C8009922E9 /* Project object */;
			proxyType = 1;
			remoteGlobalIDString = 1596FD6F2CC0E4C8009922E9;
			remoteInfo = SwiftUiListViewBasics;
		};
		1596FD8B2CC0E4CB009922E9 /* PBXContainerItemProxy */ = {
			isa = PBXContainerItemProxy;
			containerPortal = 1596FD682CC0E4C8009922E9 /* Project object */;
			proxyType = 1;
			remoteGlobalIDString = 1596FD6F2CC0E4C8009922E9;
			remoteInfo = SwiftUiListViewBasics;
		};
/* End PBXContainerItemProxy section */

/* Begin PBXFileReference section */
		1596FD702CC0E4C8009922E9 /* ChatOnly.app */ = {isa = PBXFileReference; explicitFileType = wrapper.application; includeInIndex = 0; path = ChatOnly.app; sourceTree = BUILT_PRODUCTS_DIR; };
		1596FD802CC0E4CB009922E9 /* ChatOnlyTests.xctest */ = {isa = PBXFileReference; explicitFileType = wrapper.cfbundle; includeInIndex = 0; path = ChatOnlyTests.xctest; sourceTree = BUILT_PRODUCTS_DIR; };
		1596FD8A2CC0E4CB009922E9 /* ChatOnlyUITests.xctest */ = {isa = PBXFileReference; explicitFileType = wrapper.cfbundle; includeInIndex = 0; path = ChatOnlyUITests.xctest; sourceTree = BUILT_PRODUCTS_DIR; };
/* End PBXFileReference section */

/* Begin PBXFileSystemSynchronizedRootGroup section */
		1596FD722CC0E4C8009922E9 /* SwiftUiListViewBasics */ = {
			isa = PBXFileSystemSynchronizedRootGroup;
			path = SwiftUiListViewBasics;
			sourceTree = "<group>";
		};
		1596FD832CC0E4CB009922E9 /* SwiftUiListViewBasicsTests */ = {
			isa = PBXFileSystemSynchronizedRootGroup;
			path = SwiftUiListViewBasicsTests;
			sourceTree = "<group>";
		};
		1596FD8D2CC0E4CB009922E9 /* SwiftUiListViewBasicsUITests */ = {
			isa = PBXFileSystemSynchronizedRootGroup;
			path = SwiftUiListViewBasicsUITests;
			sourceTree = "<group>";
		};
/* End PBXFileSystemSynchronizedRootGroup section */

/* Begin PBXFrameworksBuildPhase section */
		1596FD6D2CC0E4C8009922E9 /* Frameworks */ = {
			isa = PBXFrameworksBuildPhase;
			buildActionMask = 2147483647;
			files = (
				15EDE61E2CDC9A79007A52F8 /* FirebaseDatabase in Frameworks */,
				15EDE6262CDC9A79007A52F8 /* FirebaseInAppMessaging-Beta in Frameworks */,
				15EDE6122CDC9A79007A52F8 /* FirebaseAppCheck in Frameworks */,
				15EDE6162CDC9A79007A52F8 /* FirebaseAuth in Frameworks */,
				15EDE60C2CDC9A79007A52F8 /* FirebaseAnalytics in Frameworks */,
				15EDE6142CDC9A79007A52F8 /* FirebaseAppDistribution-Beta in Frameworks */,
				15EDE6102CDC9A79007A52F8 /* FirebaseAnalyticsWithoutAdIdSupport in Frameworks */,
				15EDE62A2CDC9A79007A52F8 /* FirebaseRemoteConfig in Frameworks */,
				15EDE6182CDC9A79007A52F8 /* FirebaseAuthCombine-Community in Frameworks */,
				15EDE61C2CDC9A79007A52F8 /* FirebaseCrashlytics in Frameworks */,
				15EDE61A2CDC9A79007A52F8 /* FirebaseCore in Frameworks */,
				15EDE6242CDC9A79007A52F8 /* FirebaseFunctions in Frameworks */,
				15EDE62C2CDC9A79007A52F8 /* FirebaseStorage in Frameworks */,
				15EDE6222CDC9A79007A52F8 /* FirebaseFirestoreCombine-Community in Frameworks */,
				15EDE6282CDC9A79007A52F8 /* FirebaseMessaging in Frameworks */,
				15EDE6202CDC9A79007A52F8 /* FirebaseFirestore in Frameworks */,
				15EDE62E2CDC9A79007A52F8 /* FirebaseStorageCombine-Community in Frameworks */,
				15EDE60E2CDC9A79007A52F8 /* FirebaseAnalyticsOnDeviceConversion in Frameworks */,
			);
			runOnlyForDeploymentPostprocessing = 0;
		};
		1596FD7D2CC0E4CB009922E9 /* Frameworks */ = {
			isa = PBXFrameworksBuildPhase;
			buildActionMask = 2147483647;
			files = (
			);
			runOnlyForDeploymentPostprocessing = 0;
		};
		1596FD872CC0E4CB009922E9 /* Frameworks */ = {
			isa = PBXFrameworksBuildPhase;
			buildActionMask = 2147483647;
			files = (
			);
			runOnlyForDeploymentPostprocessing = 0;
		};
/* End PBXFrameworksBuildPhase section */

/* Begin PBXGroup section */
		1596FD672CC0E4C8009922E9 = {
			isa = PBXGroup;
			children = (
				1596FD722CC0E4C8009922E9 /* SwiftUiListViewBasics */,
				1596FD832CC0E4CB009922E9 /* SwiftUiListViewBasicsTests */,
				1596FD8D2CC0E4CB009922E9 /* SwiftUiListViewBasicsUITests */,
				1596FD712CC0E4C8009922E9 /* Products */,
			);
			sourceTree = "<group>";
		};
		1596FD712CC0E4C8009922E9 /* Products */ = {
			isa = PBXGroup;
			children = (
				1596FD702CC0E4C8009922E9 /* ChatOnly.app */,
				1596FD802CC0E4CB009922E9 /* ChatOnlyTests.xctest */,
				1596FD8A2CC0E4CB009922E9 /* ChatOnlyUITests.xctest */,
			);
			name = Products;
			sourceTree = "<group>";
		};
/* End PBXGroup section */

/* Begin PBXNativeTarget section */
		1596FD6F2CC0E4C8009922E9 /* ChatOnly */ = {
			isa = PBXNativeTarget;
			buildConfigurationList = 1596FD942CC0E4CB009922E9 /* Build configuration list for PBXNativeTarget "ChatOnly" */;
			buildPhases = (
				1596FD6C2CC0E4C8009922E9 /* Sources */,
				1596FD6D2CC0E4C8009922E9 /* Frameworks */,
				1596FD6E2CC0E4C8009922E9 /* Resources */,
			);
			buildRules = (
			);
			dependencies = (
			);
			fileSystemSynchronizedGroups = (
				1596FD722CC0E4C8009922E9 /* SwiftUiListViewBasics */,
			);
			name = ChatOnly;
			packageProductDependencies = (
				15EDE60B2CDC9A79007A52F8 /* FirebaseAnalytics */,
				15EDE60D2CDC9A79007A52F8 /* FirebaseAnalyticsOnDeviceConversion */,
				15EDE60F2CDC9A79007A52F8 /* FirebaseAnalyticsWithoutAdIdSupport */,
				15EDE6112CDC9A79007A52F8 /* FirebaseAppCheck */,
				15EDE6132CDC9A79007A52F8 /* FirebaseAppDistribution-Beta */,
				15EDE6152CDC9A79007A52F8 /* FirebaseAuth */,
				15EDE6172CDC9A79007A52F8 /* FirebaseAuthCombine-Community */,
				15EDE6192CDC9A79007A52F8 /* FirebaseCore */,
				15EDE61B2CDC9A79007A52F8 /* FirebaseCrashlytics */,
				15EDE61D2CDC9A79007A52F8 /* FirebaseDatabase */,
				15EDE61F2CDC9A79007A52F8 /* FirebaseFirestore */,
				15EDE6212CDC9A79007A52F8 /* FirebaseFirestoreCombine-Community */,
				15EDE6232CDC9A79007A52F8 /* FirebaseFunctions */,
				15EDE6252CDC9A79007A52F8 /* FirebaseInAppMessaging-Beta */,
				15EDE6272CDC9A79007A52F8 /* FirebaseMessaging */,
				15EDE6292CDC9A79007A52F8 /* FirebaseRemoteConfig */,
				15EDE62B2CDC9A79007A52F8 /* FirebaseStorage */,
				15EDE62D2CDC9A79007A52F8 /* FirebaseStorageCombine-Community */,
			);
			productName = SwiftUiListViewBasics;
			productReference = 1596FD702CC0E4C8009922E9 /* ChatOnly.app */;
			productType = "com.apple.product-type.application";
		};
		1596FD7F2CC0E4CB009922E9 /* ChatOnlyTests */ = {
			isa = PBXNativeTarget;
			buildConfigurationList = 1596FD972CC0E4CB009922E9 /* Build configuration list for PBXNativeTarget "ChatOnlyTests" */;
			buildPhases = (
				1596FD7C2CC0E4CB009922E9 /* Sources */,
				1596FD7D2CC0E4CB009922E9 /* Frameworks */,
				1596FD7E2CC0E4CB009922E9 /* Resources */,
			);
			buildRules = (
			);
			dependencies = (
				1596FD822CC0E4CB009922E9 /* PBXTargetDependency */,
			);
			fileSystemSynchronizedGroups = (
				1596FD832CC0E4CB009922E9 /* SwiftUiListViewBasicsTests */,
			);
			name = ChatOnlyTests;
			packageProductDependencies = (
			);
			productName = SwiftUiListViewBasicsTests;
			productReference = 1596FD802CC0E4CB009922E9 /* ChatOnlyTests.xctest */;
			productType = "com.apple.product-type.bundle.unit-test";
		};
		1596FD892CC0E4CB009922E9 /* ChatOnlyUITests */ = {
			isa = PBXNativeTarget;
			buildConfigurationList = 1596FD9A2CC0E4CB009922E9 /* Build configuration list for PBXNativeTarget "ChatOnlyUITests" */;
			buildPhases = (
				1596FD862CC0E4CB009922E9 /* Sources */,
				1596FD872CC0E4CB009922E9 /* Frameworks */,
				1596FD882CC0E4CB009922E9 /* Resources */,
			);
			buildRules = (
			);
			dependencies = (
				1596FD8C2CC0E4CB009922E9 /* PBXTargetDependency */,
			);
			fileSystemSynchronizedGroups = (
				1596FD8D2CC0E4CB009922E9 /* SwiftUiListViewBasicsUITests */,
			);
			name = ChatOnlyUITests;
			packageProductDependencies = (
			);
			productName = SwiftUiListViewBasicsUITests;
			productReference = 1596FD8A2CC0E4CB009922E9 /* ChatOnlyUITests.xctest */;
			productType = "com.apple.product-type.bundle.ui-testing";
		};
/* End PBXNativeTarget section */

/* Begin PBXProject section */
		1596FD682CC0E4C8009922E9 /* Project object */ = {
			isa = PBXProject;
			attributes = {
				BuildIndependentTargetsInParallel = 1;
				LastSwiftUpdateCheck = 1600;
				LastUpgradeCheck = 1600;
				TargetAttributes = {
					1596FD6F2CC0E4C8009922E9 = {
						CreatedOnToolsVersion = 16.0;
					};
					1596FD7F2CC0E4CB009922E9 = {
						CreatedOnToolsVersion = 16.0;
						TestTargetID = 1596FD6F2CC0E4C8009922E9;
					};
					1596FD892CC0E4CB009922E9 = {
						CreatedOnToolsVersion = 16.0;
						TestTargetID = 1596FD6F2CC0E4C8009922E9;
					};
				};
			};
			buildConfigurationList = 1596FD6B2CC0E4C8009922E9 /* Build configuration list for PBXProject "ChatOnly" */;
			developmentRegion = en;
			hasScannedForEncodings = 0;
			knownRegions = (
				en,
				Base,
			);
			mainGroup = 1596FD672CC0E4C8009922E9;
			minimizedProjectReferenceProxies = 1;
			packageReferences = (
				15EDE60A2CDC9A79007A52F8 /* XCRemoteSwiftPackageReference "firebase-ios-sdk" */,
			);
			preferredProjectObjectVersion = 77;
			productRefGroup = 1596FD712CC0E4C8009922E9 /* Products */;
			projectDirPath = "";
			projectRoot = "";
			targets = (
				1596FD6F2CC0E4C8009922E9 /* ChatOnly */,
				1596FD7F2CC0E4CB009922E9 /* ChatOnlyTests */,
				1596FD892CC0E4CB009922E9 /* ChatOnlyUITests */,
			);
		};
/* End PBXProject section */

/* Begin PBXResourcesBuildPhase section */
		1596FD6E2CC0E4C8009922E9 /* Resources */ = {
			isa = PBXResourcesBuildPhase;
			buildActionMask = 2147483647;
			files = (
			);
			runOnlyForDeploymentPostprocessing = 0;
		};
		1596FD7E2CC0E4CB009922E9 /* Resources */ = {
			isa = PBXResourcesBuildPhase;
			buildActionMask = 2147483647;
			files = (
			);
			runOnlyForDeploymentPostprocessing = 0;
		};
		1596FD882CC0E4CB009922E9 /* Resources */ = {
			isa = PBXResourcesBuildPhase;
			buildActionMask = 2147483647;
			files = (
			);
			runOnlyForDeploymentPostprocessing = 0;
		};
/* End PBXResourcesBuildPhase section */

/* Begin PBXSourcesBuildPhase section */
		1596FD6C2CC0E4C8009922E9 /* Sources */ = {
			isa = PBXSourcesBuildPhase;
			buildActionMask = 2147483647;
			files = (
			);
			runOnlyForDeploymentPostprocessing = 0;
		};
		1596FD7C2CC0E4CB009922E9 /* Sources */ = {
			isa = PBXSourcesBuildPhase;
			buildActionMask = 2147483647;
			files = (
			);
			runOnlyForDeploymentPostprocessing = 0;
		};
		1596FD862CC0E4CB009922E9 /* Sources */ = {
			isa = PBXSourcesBuildPhase;
			buildActionMask = 2147483647;
			files = (
			);
			runOnlyForDeploymentPostprocessing = 0;
		};
/* End PBXSourcesBuildPhase section */

/* Begin PBXTargetDependency section */
		1596FD822CC0E4CB009922E9 /* PBXTargetDependency */ = {
			isa = PBXTargetDependency;
			target = 1596FD6F2CC0E4C8009922E9 /* ChatOnly */;
			targetProxy = 1596FD812CC0E4CB009922E9 /* PBXContainerItemProxy */;
		};
		1596FD8C2CC0E4CB009922E9 /* PBXTargetDependency */ = {
			isa = PBXTargetDependency;
			target = 1596FD6F2CC0E4C8009922E9 /* ChatOnly */;
			targetProxy = 1596FD8B2CC0E4CB009922E9 /* PBXContainerItemProxy */;
		};
/* End PBXTargetDependency section */

/* Begin XCBuildConfiguration section */
		1596FD922CC0E4CB009922E9 /* Debug */ = {
			isa = XCBuildConfiguration;
			buildSettings = {
				ALWAYS_SEARCH_USER_PATHS = NO;
				ASSETCATALOG_COMPILER_GENERATE_SWIFT_ASSET_SYMBOL_EXTENSIONS = YES;
				CLANG_ANALYZER_NONNULL = YES;
				CLANG_ANALYZER_NUMBER_OBJECT_CONVERSION = YES_AGGRESSIVE;
				CLANG_CXX_LANGUAGE_STANDARD = "gnu++20";
				CLANG_ENABLE_MODULES = YES;
				CLANG_ENABLE_OBJC_ARC = YES;
				CLANG_ENABLE_OBJC_WEAK = YES;
				CLANG_WARN_BLOCK_CAPTURE_AUTORELEASING = YES;
				CLANG_WARN_BOOL_CONVERSION = YES;
				CLANG_WARN_COMMA = YES;
				CLANG_WARN_CONSTANT_CONVERSION = YES;
				CLANG_WARN_DEPRECATED_OBJC_IMPLEMENTATIONS = YES;
				CLANG_WARN_DIRECT_OBJC_ISA_USAGE = YES_ERROR;
				CLANG_WARN_DOCUMENTATION_COMMENTS = YES;
				CLANG_WARN_EMPTY_BODY = YES;
				CLANG_WARN_ENUM_CONVERSION = YES;
				CLANG_WARN_INFINITE_RECURSION = YES;
				CLANG_WARN_INT_CONVERSION = YES;
				CLANG_WARN_NON_LITERAL_NULL_CONVERSION = YES;
				CLANG_WARN_OBJC_IMPLICIT_RETAIN_SELF = YES;
				CLANG_WARN_OBJC_LITERAL_CONVERSION = YES;
				CLANG_WARN_OBJC_ROOT_CLASS = YES_ERROR;
				CLANG_WARN_QUOTED_INCLUDE_IN_FRAMEWORK_HEADER = YES;
				CLANG_WARN_RANGE_LOOP_ANALYSIS = YES;
				CLANG_WARN_STRICT_PROTOTYPES = YES;
				CLANG_WARN_SUSPICIOUS_MOVE = YES;
				CLANG_WARN_UNGUARDED_AVAILABILITY = YES_AGGRESSIVE;
				CLANG_WARN_UNREACHABLE_CODE = YES;
				CLANG_WARN__DUPLICATE_METHOD_MATCH = YES;
				COPY_PHASE_STRIP = NO;
				DEBUG_INFORMATION_FORMAT = dwarf;
				ENABLE_STRICT_OBJC_MSGSEND = YES;
				ENABLE_TESTABILITY = YES;
				ENABLE_USER_SCRIPT_SANDBOXING = YES;
				GCC_C_LANGUAGE_STANDARD = gnu17;
				GCC_DYNAMIC_NO_PIC = NO;
				GCC_NO_COMMON_BLOCKS = YES;
				GCC_OPTIMIZATION_LEVEL = 0;
				GCC_PREPROCESSOR_DEFINITIONS = (
					"DEBUG=1",
					"$(inherited)",
				);
				GCC_WARN_64_TO_32_BIT_CONVERSION = YES;
				GCC_WARN_ABOUT_RETURN_TYPE = YES_ERROR;
				GCC_WARN_UNDECLARED_SELECTOR = YES;
				GCC_WARN_UNINITIALIZED_AUTOS = YES_AGGRESSIVE;
				GCC_WARN_UNUSED_FUNCTION = YES;
				GCC_WARN_UNUSED_VARIABLE = YES;
				IPHONEOS_DEPLOYMENT_TARGET = 18.0;
				LOCALIZATION_PREFERS_STRING_CATALOGS = YES;
				MTL_ENABLE_DEBUG_INFO = INCLUDE_SOURCE;
				MTL_FAST_MATH = YES;
				ONLY_ACTIVE_ARCH = YES;
				SDKROOT = iphoneos;
				SWIFT_ACTIVE_COMPILATION_CONDITIONS = "DEBUG $(inherited)";
				SWIFT_OPTIMIZATION_LEVEL = "-Onone";
			};
			name = Debug;
		};
		1596FD932CC0E4CB009922E9 /* Release */ = {
			isa = XCBuildConfiguration;
			buildSettings = {
				ALWAYS_SEARCH_USER_PATHS = NO;
				ASSETCATALOG_COMPILER_GENERATE_SWIFT_ASSET_SYMBOL_EXTENSIONS = YES;
				CLANG_ANALYZER_NONNULL = YES;
				CLANG_ANALYZER_NUMBER_OBJECT_CONVERSION = YES_AGGRESSIVE;
				CLANG_CXX_LANGUAGE_STANDARD = "gnu++20";
				CLANG_ENABLE_MODULES = YES;
				CLANG_ENABLE_OBJC_ARC = YES;
				CLANG_ENABLE_OBJC_WEAK = YES;
				CLANG_WARN_BLOCK_CAPTURE_AUTORELEASING = YES;
				CLANG_WARN_BOOL_CONVERSION = YES;
				CLANG_WARN_COMMA = YES;
				CLANG_WARN_CONSTANT_CONVERSION = YES;
				CLANG_WARN_DEPRECATED_OBJC_IMPLEMENTATIONS = YES;
				CLANG_WARN_DIRECT_OBJC_ISA_USAGE = YES_ERROR;
				CLANG_WARN_DOCUMENTATION_COMMENTS = YES;
				CLANG_WARN_EMPTY_BODY = YES;
				CLANG_WARN_ENUM_CONVERSION = YES;
				CLANG_WARN_INFINITE_RECURSION = YES;
				CLANG_WARN_INT_CONVERSION = YES;
				CLANG_WARN_NON_LITERAL_NULL_CONVERSION = YES;
				CLANG_WARN_OBJC_IMPLICIT_RETAIN_SELF = YES;
				CLANG_WARN_OBJC_LITERAL_CONVERSION = YES;
				CLANG_WARN_OBJC_ROOT_CLASS = YES_ERROR;
				CLANG_WARN_QUOTED_INCLUDE_IN_FRAMEWORK_HEADER = YES;
				CLANG_WARN_RANGE_LOOP_ANALYSIS = YES;
				CLANG_WARN_STRICT_PROTOTYPES = YES;
				CLANG_WARN_SUSPICIOUS_MOVE = YES;
				CLANG_WARN_UNGUARDED_AVAILABILITY = YES_AGGRESSIVE;
				CLANG_WARN_UNREACHABLE_CODE = YES;
				CLANG_WARN__DUPLICATE_METHOD_MATCH = YES;
				COPY_PHASE_STRIP = NO;
				DEBUG_INFORMATION_FORMAT = "dwarf-with-dsym";
				ENABLE_NS_ASSERTIONS = NO;
				ENABLE_STRICT_OBJC_MSGSEND = YES;
				ENABLE_USER_SCRIPT_SANDBOXING = YES;
				GCC_C_LANGUAGE_STANDARD = gnu17;
				GCC_NO_COMMON_BLOCKS = YES;
				GCC_WARN_64_TO_32_BIT_CONVERSION = YES;
				GCC_WARN_ABOUT_RETURN_TYPE = YES_ERROR;
				GCC_WARN_UNDECLARED_SELECTOR = YES;
				GCC_WARN_UNINITIALIZED_AUTOS = YES_AGGRESSIVE;
				GCC_WARN_UNUSED_FUNCTION = YES;
				GCC_WARN_UNUSED_VARIABLE = YES;
				IPHONEOS_DEPLOYMENT_TARGET = 18.0;
				LOCALIZATION_PREFERS_STRING_CATALOGS = YES;
				MTL_ENABLE_DEBUG_INFO = NO;
				MTL_FAST_MATH = YES;
				SDKROOT = iphoneos;
				SWIFT_COMPILATION_MODE = wholemodule;
				VALIDATE_PRODUCT = YES;
			};
			name = Release;
		};
		1596FD952CC0E4CB009922E9 /* Debug */ = {
			isa = XCBuildConfiguration;
			buildSettings = {
				ASSETCATALOG_COMPILER_APPICON_NAME = AppIcon;
				ASSETCATALOG_COMPILER_GLOBAL_ACCENT_COLOR_NAME = AccentColor;
				CODE_SIGN_STYLE = Automatic;
				CURRENT_PROJECT_VERSION = 1;
				DEVELOPMENT_ASSET_PATHS = "\"SwiftUiListViewBasics/Preview Content\"";
				DEVELOPMENT_TEAM = J5MA2VUBAZ;
				ENABLE_PREVIEWS = YES;
				GENERATE_INFOPLIST_FILE = YES;
				INFOPLIST_KEY_UIApplicationSceneManifest_Generation = YES;
				INFOPLIST_KEY_UIApplicationSupportsIndirectInputEvents = YES;
				INFOPLIST_KEY_UILaunchScreen_Generation = YES;
				INFOPLIST_KEY_UISupportedInterfaceOrientations_iPad = "UIInterfaceOrientationPortrait UIInterfaceOrientationPortraitUpsideDown UIInterfaceOrientationLandscapeLeft UIInterfaceOrientationLandscapeRight";
				INFOPLIST_KEY_UISupportedInterfaceOrientations_iPhone = "UIInterfaceOrientationPortrait UIInterfaceOrientationLandscapeLeft UIInterfaceOrientationLandscapeRight";
				IPHONEOS_DEPLOYMENT_TARGET = 16.6;
				LD_RUNPATH_SEARCH_PATHS = (
					"$(inherited)",
					"@executable_path/Frameworks",
				);
				MARKETING_VERSION = 1.0;
				PRODUCT_BUNDLE_IDENTIFIER = banyaninfotech.LocationTestbackground;
				PRODUCT_NAME = "$(TARGET_NAME)";
				SWIFT_EMIT_LOC_STRINGS = YES;
				SWIFT_VERSION = 5.0;
				TARGETED_DEVICE_FAMILY = "1,2";
			};
			name = Debug;
		};
		1596FD962CC0E4CB009922E9 /* Release */ = {
			isa = XCBuildConfiguration;
			buildSettings = {
				ASSETCATALOG_COMPILER_APPICON_NAME = AppIcon;
				ASSETCATALOG_COMPILER_GLOBAL_ACCENT_COLOR_NAME = AccentColor;
				CODE_SIGN_STYLE = Automatic;
				CURRENT_PROJECT_VERSION = 1;
				DEVELOPMENT_ASSET_PATHS = "\"SwiftUiListViewBasics/Preview Content\"";
				DEVELOPMENT_TEAM = J5MA2VUBAZ;
				ENABLE_PREVIEWS = YES;
				GENERATE_INFOPLIST_FILE = YES;
				INFOPLIST_KEY_UIApplicationSceneManifest_Generation = YES;
				INFOPLIST_KEY_UIApplicationSupportsIndirectInputEvents = YES;
				INFOPLIST_KEY_UILaunchScreen_Generation = YES;
				INFOPLIST_KEY_UISupportedInterfaceOrientations_iPad = "UIInterfaceOrientationPortrait UIInterfaceOrientationPortraitUpsideDown UIInterfaceOrientationLandscapeLeft UIInterfaceOrientationLandscapeRight";
				INFOPLIST_KEY_UISupportedInterfaceOrientations_iPhone = "UIInterfaceOrientationPortrait UIInterfaceOrientationLandscapeLeft UIInterfaceOrientationLandscapeRight";
				IPHONEOS_DEPLOYMENT_TARGET = 16.6;
				LD_RUNPATH_SEARCH_PATHS = (
					"$(inherited)",
					"@executable_path/Frameworks",
				);
				MARKETING_VERSION = 1.0;
				PRODUCT_BUNDLE_IDENTIFIER = banyaninfotech.LocationTestbackground;
				PRODUCT_NAME = "$(TARGET_NAME)";
				SWIFT_EMIT_LOC_STRINGS = YES;
				SWIFT_VERSION = 5.0;
				TARGETED_DEVICE_FAMILY = "1,2";
			};
			name = Release;
		};
		1596FD982CC0E4CB009922E9 /* Debug */ = {
			isa = XCBuildConfiguration;
			buildSettings = {
				BUNDLE_LOADER = "$(TEST_HOST)";
				CODE_SIGN_STYLE = Automatic;
				CURRENT_PROJECT_VERSION = 1;
				DEVELOPMENT_TEAM = J5MA2VUBAZ;
				GENERATE_INFOPLIST_FILE = YES;
				IPHONEOS_DEPLOYMENT_TARGET = 18.0;
				MARKETING_VERSION = 1.0;
				PRODUCT_BUNDLE_IDENTIFIER = banyaninfotech.SwiftUiListViewBasicsTests;
				PRODUCT_NAME = "$(TARGET_NAME)";
				SWIFT_EMIT_LOC_STRINGS = NO;
				SWIFT_VERSION = 5.0;
				TARGETED_DEVICE_FAMILY = "1,2";
				TEST_HOST = "$(BUILT_PRODUCTS_DIR)/ChatOnly.app/$(BUNDLE_EXECUTABLE_FOLDER_PATH)/ChatOnly";
			};
			name = Debug;
		};
		1596FD992CC0E4CB009922E9 /* Release */ = {
			isa = XCBuildConfiguration;
			buildSettings = {
				BUNDLE_LOADER = "$(TEST_HOST)";
				CODE_SIGN_STYLE = Automatic;
				CURRENT_PROJECT_VERSION = 1;
				DEVELOPMENT_TEAM = J5MA2VUBAZ;
				GENERATE_INFOPLIST_FILE = YES;
				IPHONEOS_DEPLOYMENT_TARGET = 18.0;
				MARKETING_VERSION = 1.0;
				PRODUCT_BUNDLE_IDENTIFIER = banyaninfotech.SwiftUiListViewBasicsTests;
				PRODUCT_NAME = "$(TARGET_NAME)";
				SWIFT_EMIT_LOC_STRINGS = NO;
				SWIFT_VERSION = 5.0;
				TARGETED_DEVICE_FAMILY = "1,2";
				TEST_HOST = "$(BUILT_PRODUCTS_DIR)/ChatOnly.app/$(BUNDLE_EXECUTABLE_FOLDER_PATH)/ChatOnly";
			};
			name = Release;
		};
		1596FD9B2CC0E4CB009922E9 /* Debug */ = {
			isa = XCBuildConfiguration;
			buildSettings = {
				CODE_SIGN_STYLE = Automatic;
				CURRENT_PROJECT_VERSION = 1;
				DEVELOPMENT_TEAM = J5MA2VUBAZ;
				GENERATE_INFOPLIST_FILE = YES;
				MARKETING_VERSION = 1.0;
				PRODUCT_BUNDLE_IDENTIFIER = banyaninfotech.SwiftUiListViewBasicsUITests;
				PRODUCT_NAME = "$(TARGET_NAME)";
				SWIFT_EMIT_LOC_STRINGS = NO;
				SWIFT_VERSION = 5.0;
				TARGETED_DEVICE_FAMILY = "1,2";
				TEST_TARGET_NAME = SwiftUiListViewBasics;
			};
			name = Debug;
		};
		1596FD9C2CC0E4CB009922E9 /* Release */ = {
			isa = XCBuildConfiguration;
			buildSettings = {
				CODE_SIGN_STYLE = Automatic;
				CURRENT_PROJECT_VERSION = 1;
				DEVELOPMENT_TEAM = J5MA2VUBAZ;
				GENERATE_INFOPLIST_FILE = YES;
				MARKETING_VERSION = 1.0;
				PRODUCT_BUNDLE_IDENTIFIER = banyaninfotech.SwiftUiListViewBasicsUITests;
				PRODUCT_NAME = "$(TARGET_NAME)";
				SWIFT_EMIT_LOC_STRINGS = NO;
				SWIFT_VERSION = 5.0;
				TARGETED_DEVICE_FAMILY = "1,2";
				TEST_TARGET_NAME = SwiftUiListViewBasics;
			};
			name = Release;
		};
/* End XCBuildConfiguration section */

/* Begin XCConfigurationList section */
		1596FD6B2CC0E4C8009922E9 /* Build configuration list for PBXProject "ChatOnly" */ = {
			isa = XCConfigurationList;
			buildConfigurations = (
				1596FD922CC0E4CB009922E9 /* Debug */,
				1596FD932CC0E4CB009922E9 /* Release */,
			);
			defaultConfigurationIsVisible = 0;
			defaultConfigurationName = Release;
		};
		1596FD942CC0E4CB009922E9 /* Build configuration list for PBXNativeTarget "ChatOnly" */ = {
			isa = XCConfigurationList;
			buildConfigurations = (
				1596FD952CC0E4CB009922E9 /* Debug */,
				1596FD962CC0E4CB009922E9 /* Release */,
			);
			defaultConfigurationIsVisible = 0;
			defaultConfigurationName = Release;
		};
		1596FD972CC0E4CB009922E9 /* Build configuration list for PBXNativeTarget "ChatOnlyTests" */ = {
			isa = XCConfigurationList;
			buildConfigurations = (
				1596FD982CC0E4CB009922E9 /* Debug */,
				1596FD992CC0E4CB009922E9 /* Release */,
			);
			defaultConfigurationIsVisible = 0;
			defaultConfigurationName = Release;
		};
		1596FD9A2CC0E4CB009922E9 /* Build configuration list for PBXNativeTarget "ChatOnlyUITests" */ = {
			isa = XCConfigurationList;
			buildConfigurations = (
				1596FD9B2CC0E4CB009922E9 /* Debug */,
				1596FD9C2CC0E4CB009922E9 /* Release */,
			);
			defaultConfigurationIsVisible = 0;
			defaultConfigurationName = Release;
		};
/* End XCConfigurationList section */

/* Begin XCRemoteSwiftPackageReference section */
		15EDE60A2CDC9A79007A52F8 /* XCRemoteSwiftPackageReference "firebase-ios-sdk" */ = {
			isa = XCRemoteSwiftPackageReference;
			repositoryURL = "https://github.com/firebase/firebase-ios-sdk";
			requirement = {
				kind = upToNextMajorVersion;
				minimumVersion = 11.4.0;
			};
		};
/* End XCRemoteSwiftPackageReference section */

/* Begin XCSwiftPackageProductDependency section */
		15EDE60B2CDC9A79007A52F8 /* FirebaseAnalytics */ = {
			isa = XCSwiftPackageProductDependency;
			package = 15EDE60A2CDC9A79007A52F8 /* XCRemoteSwiftPackageReference "firebase-ios-sdk" */;
			productName = FirebaseAnalytics;
		};
		15EDE60D2CDC9A79007A52F8 /* FirebaseAnalyticsOnDeviceConversion */ = {
			isa = XCSwiftPackageProductDependency;
			package = 15EDE60A2CDC9A79007A52F8 /* XCRemoteSwiftPackageReference "firebase-ios-sdk" */;
			productName = FirebaseAnalyticsOnDeviceConversion;
		};
		15EDE60F2CDC9A79007A52F8 /* FirebaseAnalyticsWithoutAdIdSupport */ = {
			isa = XCSwiftPackageProductDependency;
			package = 15EDE60A2CDC9A79007A52F8 /* XCRemoteSwiftPackageReference "firebase-ios-sdk" */;
			productName = FirebaseAnalyticsWithoutAdIdSupport;
		};
		15EDE6112CDC9A79007A52F8 /* FirebaseAppCheck */ = {
			isa = XCSwiftPackageProductDependency;
			package = 15EDE60A2CDC9A79007A52F8 /* XCRemoteSwiftPackageReference "firebase-ios-sdk" */;
			productName = FirebaseAppCheck;
		};
		15EDE6132CDC9A79007A52F8 /* FirebaseAppDistribution-Beta */ = {
			isa = XCSwiftPackageProductDependency;
			package = 15EDE60A2CDC9A79007A52F8 /* XCRemoteSwiftPackageReference "firebase-ios-sdk" */;
			productName = "FirebaseAppDistribution-Beta";
		};
		15EDE6152CDC9A79007A52F8 /* FirebaseAuth */ = {
			isa = XCSwiftPackageProductDependency;
			package = 15EDE60A2CDC9A79007A52F8 /* XCRemoteSwiftPackageReference "firebase-ios-sdk" */;
			productName = FirebaseAuth;
		};
		15EDE6172CDC9A79007A52F8 /* FirebaseAuthCombine-Community */ = {
			isa = XCSwiftPackageProductDependency;
			package = 15EDE60A2CDC9A79007A52F8 /* XCRemoteSwiftPackageReference "firebase-ios-sdk" */;
			productName = "FirebaseAuthCombine-Community";
		};
		15EDE6192CDC9A79007A52F8 /* FirebaseCore */ = {
			isa = XCSwiftPackageProductDependency;
			package = 15EDE60A2CDC9A79007A52F8 /* XCRemoteSwiftPackageReference "firebase-ios-sdk" */;
			productName = FirebaseCore;
		};
		15EDE61B2CDC9A79007A52F8 /* FirebaseCrashlytics */ = {
			isa = XCSwiftPackageProductDependency;
			package = 15EDE60A2CDC9A79007A52F8 /* XCRemoteSwiftPackageReference "firebase-ios-sdk" */;
			productName = FirebaseCrashlytics;
		};
		15EDE61D2CDC9A79007A52F8 /* FirebaseDatabase */ = {
			isa = XCSwiftPackageProductDependency;
			package = 15EDE60A2CDC9A79007A52F8 /* XCRemoteSwiftPackageReference "firebase-ios-sdk" */;
			productName = FirebaseDatabase;
		};
		15EDE61F2CDC9A79007A52F8 /* FirebaseFirestore */ = {
			isa = XCSwiftPackageProductDependency;
			package = 15EDE60A2CDC9A79007A52F8 /* XCRemoteSwiftPackageReference "firebase-ios-sdk" */;
			productName = FirebaseFirestore;
		};
		15EDE6212CDC9A79007A52F8 /* FirebaseFirestoreCombine-Community */ = {
			isa = XCSwiftPackageProductDependency;
			package = 15EDE60A2CDC9A79007A52F8 /* XCRemoteSwiftPackageReference "firebase-ios-sdk" */;
			productName = "FirebaseFirestoreCombine-Community";
		};
		15EDE6232CDC9A79007A52F8 /* FirebaseFunctions */ = {
			isa = XCSwiftPackageProductDependency;
			package = 15EDE60A2CDC9A79007A52F8 /* XCRemoteSwiftPackageReference "firebase-ios-sdk" */;
			productName = FirebaseFunctions;
		};
		15EDE6252CDC9A79007A52F8 /* FirebaseInAppMessaging-Beta */ = {
			isa = XCSwiftPackageProductDependency;
			package = 15EDE60A2CDC9A79007A52F8 /* XCRemoteSwiftPackageReference "firebase-ios-sdk" */;
			productName = "FirebaseInAppMessaging-Beta";
		};
		15EDE6272CDC9A79007A52F8 /* FirebaseMessaging */ = {
			isa = XCSwiftPackageProductDependency;
			package = 15EDE60A2CDC9A79007A52F8 /* XCRemoteSwiftPackageReference "firebase-ios-sdk" */;
			productName = FirebaseMessaging;
		};
		15EDE6292CDC9A79007A52F8 /* FirebaseRemoteConfig */ = {
			isa = XCSwiftPackageProductDependency;
			package = 15EDE60A2CDC9A79007A52F8 /* XCRemoteSwiftPackageReference "firebase-ios-sdk" */;
			productName = FirebaseRemoteConfig;
		};
		15EDE62B2CDC9A79007A52F8 /* FirebaseStorage */ = {
			isa = XCSwiftPackageProductDependency;
			package = 15EDE60A2CDC9A79007A52F8 /* XCRemoteSwiftPackageReference "firebase-ios-sdk" */;
			productName = FirebaseStorage;
		};
		15EDE62D2CDC9A79007A52F8 /* FirebaseStorageCombine-Community */ = {
			isa = XCSwiftPackageProductDependency;
			package = 15EDE60A2CDC9A79007A52F8 /* XCRemoteSwiftPackageReference "firebase-ios-sdk" */;
			productName = "FirebaseStorageCombine-Community";
		};
/* End XCSwiftPackageProductDependency section */
	};
	rootObject = 1596FD682CC0E4C8009922E9 /* Project object */;
}
